
Microsoft Visual Studio Solution File, Format Version 12.00
# Visual Studio Version 17
VisualStudioVersion = 17.5.33414.496
MinimumVisualStudioVersion = 10.0.40219.1
Project("{FAE04EC0-301F-11D3-BF4B-00C04F79EFBC}") = "ПР2", "ПР2.csproj", "{54FE707C-4852-4ADF-9350-BE4B6982E18A}"
EndProject
Global
	GlobalSection(SolutionConfigurationPlatforms) = preSolution
		Debug|Any CPU = Debug|Any CPU
		Release|Any CPU = Release|Any CPU
	EndGlobalSection
	GlobalSection(ProjectConfigurationPlatforms) = postSolution
		{54FE707C-4852-4ADF-9350-BE4B6982E18A}.Debug|Any CPU.ActiveCfg = Debug|Any CPU
		{54FE707C-4852-4ADF-9350-BE4B6982E18A}.Debug|Any CPU.Build.0 = Debug|Any CPU
		{54FE707C-4852-4ADF-9350-BE4B6982E18A}.Release|Any CPU.ActiveCfg = Release|Any CPU
		{54FE707C-4852-4ADF-9350-BE4B6982E18A}.Release|Any CPU.Build.0 = Release|Any CPU
	EndGlobalSection
	GlobalSection(SolutionProperties) = preSolution
		HideSolutionNode = FALSE
	EndGlobalSection
	GlobalSection(ExtensibilityGlobals) = postSolution
		SolutionGuid = {A4AB819C-3A82-4845-8A21-68C2E2D4F5F0}
	EndGlobalSection
EndGlobal
